
Microsoft Visual Studio Solution File, Format Version 12.00
# Visual Studio Version 17
VisualStudioVersion = 17.8.34511.84
MinimumVisualStudioVersion = 10.0.40219.1
Project("{FAE04EC0-301F-11D3-BF4B-00C04F79EFBC}") = "Entities", "Entities\Entities.csproj", "{0DF0A683-151B-4BB5-9C9D-20394591F5D0}"
EndProject
Project("{FAE04EC0-301F-11D3-BF4B-00C04F79EFBC}") = "DataAccess", "DataAccess\DataAccess.csproj", "{462D5D26-120E-451E-A168-C104D76605F9}"
EndProject
Project("{FAE04EC0-301F-11D3-BF4B-00C04F79EFBC}") = "Business", "Business\Business.csproj", "{7B6C40A7-B122-4F64-B808-F6454D436625}"
EndProject
Project("{FAE04EC0-301F-11D3-BF4B-00C04F79EFBC}") = "Core", "Core\Core.csproj", "{42F6C4A5-3A8E-4975-8DF4-9EE3BA6CB5E3}"
EndProject
Project("{FAE04EC0-301F-11D3-BF4B-00C04F79EFBC}") = "WebAPI", "WebAPI\WebAPI.csproj", "{AEE8115B-6B36-4CAA-B049-423A74569B40}"
EndProject
Global
	GlobalSection(SolutionConfigurationPlatforms) = preSolution
		Debug|Any CPU = Debug|Any CPU
		Release|Any CPU = Release|Any CPU
	EndGlobalSection
	GlobalSection(ProjectConfigurationPlatforms) = postSolution
		{0DF0A683-151B-4BB5-9C9D-20394591F5D0}.Debug|Any CPU.ActiveCfg = Debug|Any CPU
		{0DF0A683-151B-4BB5-9C9D-20394591F5D0}.Debug|Any CPU.Build.0 = Debug|Any CPU
		{0DF0A683-151B-4BB5-9C9D-20394591F5D0}.Release|Any CPU.ActiveCfg = Release|Any CPU
		{0DF0A683-151B-4BB5-9C9D-20394591F5D0}.Release|Any CPU.Build.0 = Release|Any CPU
		{462D5D26-120E-451E-A168-C104D76605F9}.Debug|Any CPU.ActiveCfg = Debug|Any CPU
		{462D5D26-120E-451E-A168-C104D76605F9}.Debug|Any CPU.Build.0 = Debug|Any CPU
		{462D5D26-120E-451E-A168-C104D76605F9}.Release|Any CPU.ActiveCfg = Release|Any CPU
		{462D5D26-120E-451E-A168-C104D76605F9}.Release|Any CPU.Build.0 = Release|Any CPU
		{7B6C40A7-B122-4F64-B808-F6454D436625}.Debug|Any CPU.ActiveCfg = Debug|Any CPU
		{7B6C40A7-B122-4F64-B808-F6454D436625}.Debug|Any CPU.Build.0 = Debug|Any CPU
		{7B6C40A7-B122-4F64-B808-F6454D436625}.Release|Any CPU.ActiveCfg = Release|Any CPU
		{7B6C40A7-B122-4F64-B808-F6454D436625}.Release|Any CPU.Build.0 = Release|Any CPU
		{42F6C4A5-3A8E-4975-8DF4-9EE3BA6CB5E3}.Debug|Any CPU.ActiveCfg = Debug|Any CPU
		{42F6C4A5-3A8E-4975-8DF4-9EE3BA6CB5E3}.Debug|Any CPU.Build.0 = Debug|Any CPU
		{42F6C4A5-3A8E-4975-8DF4-9EE3BA6CB5E3}.Release|Any CPU.ActiveCfg = Release|Any CPU
		{42F6C4A5-3A8E-4975-8DF4-9EE3BA6CB5E3}.Release|Any CPU.Build.0 = Release|Any CPU
		{AEE8115B-6B36-4CAA-B049-423A74569B40}.Debug|Any CPU.ActiveCfg = Debug|Any CPU
		{AEE8115B-6B36-4CAA-B049-423A74569B40}.Debug|Any CPU.Build.0 = Debug|Any CPU
		{AEE8115B-6B36-4CAA-B049-423A74569B40}.Release|Any CPU.ActiveCfg = Release|Any CPU
		{AEE8115B-6B36-4CAA-B049-423A74569B40}.Release|Any CPU.Build.0 = Release|Any CPU
	EndGlobalSection
	GlobalSection(SolutionProperties) = preSolution
		HideSolutionNode = FALSE
	EndGlobalSection
	GlobalSection(ExtensibilityGlobals) = postSolution
		SolutionGuid = {BACB81BD-C66F-434A-BBA3-8BC1EA283CCA}
	EndGlobalSection
EndGlobal
